
Microsoft Visual Studio Solution File, Format Version 12.00
# Visual Studio 15
VisualStudioVersion = 15.0.27703.2047
MinimumVisualStudioVersion = 10.0.40219.1
Project("{FAE04EC0-301F-11D3-BF4B-00C04F79EFBC}") = "what is the price", "what is the price\what is the price.csproj", "{9BD386CD-E8DE-4D37-A15A-FC4EB22A17BF}"
EndProject
Global
	GlobalSection(SolutionConfigurationPlatforms) = preSolution
		Debug|Any CPU = Debug|Any CPU
		Release|Any CPU = Release|Any CPU
	EndGlobalSection
	GlobalSection(ProjectConfigurationPlatforms) = postSolution
		{9BD386CD-E8DE-4D37-A15A-FC4EB22A17BF}.Debug|Any CPU.ActiveCfg = Debug|Any CPU
		{9BD386CD-E8DE-4D37-A15A-FC4EB22A17BF}.Debug|Any CPU.Build.0 = Debug|Any CPU
		{9BD386CD-E8DE-4D37-A15A-FC4EB22A17BF}.Release|Any CPU.ActiveCfg = Release|Any CPU
		{9BD386CD-E8DE-4D37-A15A-FC4EB22A17BF}.Release|Any CPU.Build.0 = Release|Any CPU
	EndGlobalSection
	GlobalSection(SolutionProperties) = preSolution
		HideSolutionNode = FALSE
	EndGlobalSection
	GlobalSection(ExtensibilityGlobals) = postSolution
		SolutionGuid = {44079752-D5E1-4B9B-A377-F50B6AD300BC}
	EndGlobalSection
EndGlobal
