
Microsoft Visual Studio Solution File, Format Version 12.00
# Visual Studio 15
VisualStudioVersion = 15.0.27703.2047
MinimumVisualStudioVersion = 10.0.40219.1
Project("{FAE04EC0-301F-11D3-BF4B-00C04F79EFBC}") = "calculator", "calculator\calculator.csproj", "{42696D98-C41D-4AE5-891F-4221117E70F7}"
EndProject
Global
	GlobalSection(SolutionConfigurationPlatforms) = preSolution
		Debug|Any CPU = Debug|Any CPU
		Release|Any CPU = Release|Any CPU
	EndGlobalSection
	GlobalSection(ProjectConfigurationPlatforms) = postSolution
		{42696D98-C41D-4AE5-891F-4221117E70F7}.Debug|Any CPU.ActiveCfg = Debug|Any CPU
		{42696D98-C41D-4AE5-891F-4221117E70F7}.Debug|Any CPU.Build.0 = Debug|Any CPU
		{42696D98-C41D-4AE5-891F-4221117E70F7}.Release|Any CPU.ActiveCfg = Release|Any CPU
		{42696D98-C41D-4AE5-891F-4221117E70F7}.Release|Any CPU.Build.0 = Release|Any CPU
	EndGlobalSection
	GlobalSection(SolutionProperties) = preSolution
		HideSolutionNode = FALSE
	EndGlobalSection
	GlobalSection(ExtensibilityGlobals) = postSolution
		SolutionGuid = {1398DD1E-3FC2-426C-B62B-BC51F71D0CDB}
	EndGlobalSection
EndGlobal
